
Microsoft Visual Studio Solution File, Format Version 12.00
# Visual Studio Version 16
VisualStudioVersion = 16.0.28803.352
MinimumVisualStudioVersion = 10.0.40219.1
Project("{9A19103F-16F7-4668-BE54-9A1E7A4F7556}") = "DigitalIcebreakers", "DigitalIcebreakers\DigitalIcebreakers.csproj", "{0995266B-0AEC-4306-9210-22167CECC5B1}"
EndProject
Project("{9A19103F-16F7-4668-BE54-9A1E7A4F7556}") = "DigitalIcebreakers.Test", "DigitalIcebreakers.Test\DigitalIcebreakers.Test.csproj", "{A71AC0CE-2795-4076-AE48-411F6CEA95EB}"
EndProject
Project("{FAE04EC0-301F-11D3-BF4B-00C04F79EFBC}") = "DigitalIcebreakers.EndToEndTests", "DigitalIcebreakers.EndToEndTests\DigitalIcebreakers.EndToEndTests.csproj", "{2DB672B7-5335-4DD1-9A00-B5956B82A220}"
EndProject
Global
	GlobalSection(SolutionConfigurationPlatforms) = preSolution
		Debug|Any CPU = Debug|Any CPU
		Release|Any CPU = Release|Any CPU
	EndGlobalSection
	GlobalSection(ProjectConfigurationPlatforms) = postSolution
		{0995266B-0AEC-4306-9210-22167CECC5B1}.Debug|Any CPU.ActiveCfg = Debug|Any CPU
		{0995266B-0AEC-4306-9210-22167CECC5B1}.Debug|Any CPU.Build.0 = Debug|Any CPU
		{0995266B-0AEC-4306-9210-22167CECC5B1}.Release|Any CPU.ActiveCfg = Release|Any CPU
		{0995266B-0AEC-4306-9210-22167CECC5B1}.Release|Any CPU.Build.0 = Release|Any CPU
		{A71AC0CE-2795-4076-AE48-411F6CEA95EB}.Debug|Any CPU.ActiveCfg = Debug|Any CPU
		{A71AC0CE-2795-4076-AE48-411F6CEA95EB}.Debug|Any CPU.Build.0 = Debug|Any CPU
		{A71AC0CE-2795-4076-AE48-411F6CEA95EB}.Release|Any CPU.ActiveCfg = Release|Any CPU
		{A71AC0CE-2795-4076-AE48-411F6CEA95EB}.Release|Any CPU.Build.0 = Release|Any CPU
		{2DB672B7-5335-4DD1-9A00-B5956B82A220}.Debug|Any CPU.ActiveCfg = Debug|Any CPU
		{2DB672B7-5335-4DD1-9A00-B5956B82A220}.Debug|Any CPU.Build.0 = Debug|Any CPU
		{2DB672B7-5335-4DD1-9A00-B5956B82A220}.Release|Any CPU.ActiveCfg = Release|Any CPU
		{2DB672B7-5335-4DD1-9A00-B5956B82A220}.Release|Any CPU.Build.0 = Release|Any CPU
	EndGlobalSection
	GlobalSection(SolutionProperties) = preSolution
		HideSolutionNode = FALSE
	EndGlobalSection
	GlobalSection(ExtensibilityGlobals) = postSolution
		SolutionGuid = {06855F3F-8194-47C6-B587-A05FD8C104B3}
	EndGlobalSection
EndGlobal
